
Microsoft Visual Studio Solution File, Format Version 12.00
# Visual Studio 15
VisualStudioVersion = 15.0.26430.16
MinimumVisualStudioVersion = 10.0.40219.1
Project("{FAE04EC0-301F-11D3-BF4B-00C04F79EFBC}") = "Jali_di", "Jali_di\Jali_di.csproj", "{0D6181BB-4DB4-4F38-AA89-6A6E35BB7A86}"
EndProject
Global
	GlobalSection(SolutionConfigurationPlatforms) = preSolution
		Debug|Any CPU = Debug|Any CPU
		Release|Any CPU = Release|Any CPU
	EndGlobalSection
	GlobalSection(ProjectConfigurationPlatforms) = postSolution
		{0D6181BB-4DB4-4F38-AA89-6A6E35BB7A86}.Debug|Any CPU.ActiveCfg = Debug|Any CPU
		{0D6181BB-4DB4-4F38-AA89-6A6E35BB7A86}.Debug|Any CPU.Build.0 = Debug|Any CPU
		{0D6181BB-4DB4-4F38-AA89-6A6E35BB7A86}.Release|Any CPU.ActiveCfg = Release|Any CPU
		{0D6181BB-4DB4-4F38-AA89-6A6E35BB7A86}.Release|Any CPU.Build.0 = Release|Any CPU
	EndGlobalSection
	GlobalSection(SolutionProperties) = preSolution
		HideSolutionNode = FALSE
	EndGlobalSection
EndGlobal
